{
    "_readme": [
        "This file locks the dependencies of your project to a known state",
        "Read more about it at https://getcomposer.org/doc/01-basic-usage.md#installing-dependencies",
        "This file is @generated automatically"
    ],
    "content-hash": "7bd720de4efbbc72bf624f1c5f831daa",
    "packages": [
        {
            "name": "ghasedak/laravel",
            "version": "V1.0.3",
            "source": {
                "type": "git",
                "url": "https://github.com/ghasedakapi/ghasedak-laravel.git",
                "reference": "0fc665ad0956378b3ae319b474409fa516807316"
            },
            "dist": {
                "type": "zip",
                "url": "https://api.github.com/repos/ghasedakapi/ghasedak-laravel/zipball/0fc665ad0956378b3ae319b474409fa516807316",
                "reference": "0fc665ad0956378b3ae319b474409fa516807316",
                "shasum": ""
            },
            "require": {
                "ghasedak/php": "^1.0"
            },
            "type": "library",
            "extra": {
                "laravel": {
                    "providers": [
                        "Ghasedak\\Laravel\\GhasedakServiceProvider"
                    ],
                    "aliases": {
                        "Ghasedak": "Ghasedak\\Laravel\\GhasedakFacade"
                    }
                }
            },
            "autoload": {
                "psr-4": {
                    "Ghasedak\\Laravel\\": "src/"
                }
            },
            "notification-url": "https://packagist.org/downloads/",
            "license": [
                "MIT"
            ],
            "authors": [
                {
                    "name": "Rasoul Rahimii",
                    "email": "RasoulRahimi93@gmail.com"
                },
                {
                    "name": "Omid Mehri",
                    "email": "thehopeofiran@gmail.com"
                }
            ],
            "description": "Easy-to-use SDK for implementing Ghasedak SMS API in your Laravel projects.",
            "support": {
                "issues": "https://github.com/ghasedakapi/ghasedak-laravel/issues",
                "source": "https://github.com/ghasedakapi/ghasedak-laravel/tree/V1.0.3"
            },
            "time": "2022-04-25T09:03:46+00:00"
        },
        {
            "name": "ghasedak/php",
            "version": "V1.0.2",
            "source": {
                "type": "git",
                "url": "https://github.com/ghasedakapi/ghasedak-php.git",
                "reference": "3ec8a879b6b0ebc0d7c69041d147b8f0ee167410"
            },
            "dist": {
                "type": "zip",
                "url": "https://api.github.com/repos/ghasedakapi/ghasedak-php/zipball/3ec8a879b6b0ebc0d7c69041d147b8f0ee167410",
                "reference": "3ec8a879b6b0ebc0d7c69041d147b8f0ee167410",
                "shasum": ""
            },
            "require": {
                "php": ">=5.6.0"
            },
            "type": "library",
            "autoload": {
                "psr-4": {
                    "Ghasedak\\": "src/"
                }
            },
            "notification-url": "https://packagist.org/downloads/",
            "license": [
                "MIT"
            ],
            "authors": [
                {
                    "name": "Abbas Hosseinpour",
                    "email": "abdolzahra512@gmail.com"
                },
                {
                    "name": "Omid Mehri",
                    "email": "thehopeofiran@gmail.com"
                }
            ],
            "description": "ghasedak sms gateway package for PHP",
            "homepage": "https://github.com/ghasedakapi/ghasedak-php",
            "keywords": [
                "Ghasedak",
                "api",
                "notification",
                "sms",
                "sms-gateway"
            ],
            "support": {
                "issues": "https://github.com/ghasedakapi/ghasedak-php/issues",
                "source": "https://github.com/ghasedakapi/ghasedak-php/tree/V1.0.2"
            },
            "time": "2022-04-19T06:03:37+00:00"
        },
        {
            "name": "kavenegar/php",
            "version": "v1.2.2",
            "source": {
                "type": "git",
                "url": "https://github.com/kavenegar/kavenegar-php.git",
                "reference": "884561b8d8c91b01f7db25284c2be9923c809412"
            },
            "dist": {
                "type": "zip",
                "url": "https://api.github.com/repos/kavenegar/kavenegar-php/zipball/884561b8d8c91b01f7db25284c2be9923c809412",
                "reference": "884561b8d8c91b01f7db25284c2be9923c809412",
                "shasum": ""
            },
            "require": {
                "php": ">=5.4.0"
            },
            "type": "library",
            "autoload": {
                "psr-4": {
                    "Kavenegar\\": "src/"
                }
            },
            "notification-url": "https://packagist.org/downloads/",
            "license": [
                "MIT"
            ],
            "authors": [
                {
                    "name": "Kavenegar API Team",
                    "email": "support@kavenegar.com"
                }
            ],
            "description": "A PHP wrapper for Kavenegar's API",
            "homepage": "http://github.com/Kavenegar/kavenegar-php",
            "keywords": [
                "api",
                "kavenegar",
                "sms"
            ],
            "support": {
                "issues": "https://github.com/kavenegar/kavenegar-php/issues",
                "source": "https://github.com/kavenegar/kavenegar-php/tree/master"
            },
            "time": "2019-02-26T12:49:19+00:00"
        },
        {
            "name": "melipayamak/php",
            "version": "1.0.0",
            "source": {
                "type": "git",
                "url": "https://github.com/Melipayamak/melipayamak-php.git",
                "reference": "b8f7db07eef1fa57f8a23d379949e3f04cb923b8"
            },
            "dist": {
                "type": "zip",
                "url": "https://api.github.com/repos/Melipayamak/melipayamak-php/zipball/b8f7db07eef1fa57f8a23d379949e3f04cb923b8",
                "reference": "b8f7db07eef1fa57f8a23d379949e3f04cb923b8",
                "shasum": ""
            },
            "require": {
                "php": ">=5.4.0"
            },
            "type": "library",
            "autoload": {
                "psr-4": {
                    "Melipayamak\\": "src/"
                }
            },
            "notification-url": "https://packagist.org/downloads/",
            "license": [
                "MIT"
            ],
            "authors": [
                {
                    "name": "Melipayamak Team",
                    "email": "melipayamak.ir@gmail.com"
                },
                {
                    "name": "Ara Code It",
                    "email": "ahnara92@gmail.com"
                },
                {
                    "name": "Amirhossein Mehrvarzi",
                    "email": "info@trigger.ir"
                }
            ],
            "description": "A PHP wrapper for melipayamak's web services",
            "homepage": "http://github.com/Melipayamak/melipayamak-php",
            "keywords": [
                "api",
                "melipayamak",
                "sms"
            ],
            "support": {
                "issues": "https://github.com/Melipayamak/melipayamak-php/issues",
                "source": "https://github.com/Melipayamak/melipayamak-php/tree/1.0.0"
            },
            "time": "2019-12-23T13:19:36+00:00"
        }
    ],
    "packages-dev": [],
    "aliases": [],
    "minimum-stability": "stable",
    "stability-flags": [],
    "prefer-stable": false,
    "prefer-lowest": false,
    "platform": [],
    "platform-dev": [],
    "plugin-api-version": "2.3.0"
}
